
Microsoft Visual Studio Solution File, Format Version 12.00
# Visual Studio 15
VisualStudioVersion = 15.0.28307.1022
MinimumVisualStudioVersion = 10.0.40219.1
Project("{FAE04EC0-301F-11D3-BF4B-00C04F79EFBC}") = "SOP", "SOP\SOP.csproj", "{1ECE3865-D536-499F-8023-6EACBC3F8322}"
EndProject
Global
	GlobalSection(SolutionConfigurationPlatforms) = preSolution
		Debug|Any CPU = Debug|Any CPU
		Release|Any CPU = Release|Any CPU
	EndGlobalSection
	GlobalSection(ProjectConfigurationPlatforms) = postSolution
		{1ECE3865-D536-499F-8023-6EACBC3F8322}.Debug|Any CPU.ActiveCfg = Debug|Any CPU
		{1ECE3865-D536-499F-8023-6EACBC3F8322}.Debug|Any CPU.Build.0 = Debug|Any CPU
		{1ECE3865-D536-499F-8023-6EACBC3F8322}.Release|Any CPU.ActiveCfg = Release|Any CPU
		{1ECE3865-D536-499F-8023-6EACBC3F8322}.Release|Any CPU.Build.0 = Release|Any CPU
	EndGlobalSection
	GlobalSection(SolutionProperties) = preSolution
		HideSolutionNode = FALSE
	EndGlobalSection
	GlobalSection(ExtensibilityGlobals) = postSolution
		SolutionGuid = {388C0DB3-485A-4C8D-B463-B483B498380D}
	EndGlobalSection
EndGlobal
